
Microsoft Visual Studio Solution File, Format Version 12.00
# Visual Studio Version 17
VisualStudioVersion = 17.14.36518.9 d17.14
MinimumVisualStudioVersion = 10.0.40219.1
Project("{FAE04EC0-301F-11D3-BF4B-00C04F79EFBC}") = "3. Grade Evaluator", "E:\VP\3. Grade Evaluator\3. Grade Evaluator\3. Grade Evaluator.csproj", "{5434A87C-92E4-426B-B54D-4549E2D3D699}"
EndProject
Project("{FAE04EC0-301F-11D3-BF4B-00C04F79EFBC}") = "4. Sum of Natural Numbers (Loop)", "E:\VP\4. Sum of Natural Numbers (Loop)\4. Sum of Natural Numbers (Loop)\4. Sum of Natural Numbers (Loop).csproj", "{333AB41F-CFAB-4819-8700-2F029D39FFDF}"
EndProject
Project("{FAE04EC0-301F-11D3-BF4B-00C04F79EFBC}") = "5. Multiplication Table", "E:\VP\5. Multiplication Table\5. Multiplication Table\5. Multiplication Table.csproj", "{665E3B77-AA6F-4B6F-B170-50AF1E283F51}"
EndProject
Project("{FAE04EC0-301F-11D3-BF4B-00C04F79EFBC}") = "6. Factorial Calculator", "E:\VP\6. Factorial Calculator\6. Factorial Calculator\6. Factorial Calculator.csproj", "{36928DBE-366F-400D-A8BA-393A7416F3AE}"
EndProject
Project("{FAE04EC0-301F-11D3-BF4B-00C04F79EFBC}") = "7. Reverse a Number", "E:\VP\7. Reverse a Number\7. Reverse a Number\7. Reverse a Number.csproj", "{AA5C41EB-3595-4F97-8C6E-B7101D5DBB7C}"
EndProject
Project("{FAE04EC0-301F-11D3-BF4B-00C04F79EFBC}") = "EvenOdd Chk", "E:\VP\EvenOdd Chk\EvenOdd Chk\EvenOdd Chk.csproj", "{B9807B9F-8CFC-4728-9A4D-DF072240601E}"
EndProject
Project("{FAE04EC0-301F-11D3-BF4B-00C04F79EFBC}") = "calculator 2", "E:\VP\calculator 2\calculator 2\calculator 2.csproj", "{2B37EF05-1E92-4F53-BE6E-DC98183A59CB}"
EndProject
Global
	GlobalSection(SolutionConfigurationPlatforms) = preSolution
		Debug|Any CPU = Debug|Any CPU
		Release|Any CPU = Release|Any CPU
	EndGlobalSection
	GlobalSection(ProjectConfigurationPlatforms) = postSolution
		{5434A87C-92E4-426B-B54D-4549E2D3D699}.Debug|Any CPU.ActiveCfg = Debug|Any CPU
		{5434A87C-92E4-426B-B54D-4549E2D3D699}.Debug|Any CPU.Build.0 = Debug|Any CPU
		{5434A87C-92E4-426B-B54D-4549E2D3D699}.Release|Any CPU.ActiveCfg = Release|Any CPU
		{5434A87C-92E4-426B-B54D-4549E2D3D699}.Release|Any CPU.Build.0 = Release|Any CPU
		{333AB41F-CFAB-4819-8700-2F029D39FFDF}.Debug|Any CPU.ActiveCfg = Debug|Any CPU
		{333AB41F-CFAB-4819-8700-2F029D39FFDF}.Debug|Any CPU.Build.0 = Debug|Any CPU
		{333AB41F-CFAB-4819-8700-2F029D39FFDF}.Release|Any CPU.ActiveCfg = Release|Any CPU
		{333AB41F-CFAB-4819-8700-2F029D39FFDF}.Release|Any CPU.Build.0 = Release|Any CPU
		{665E3B77-AA6F-4B6F-B170-50AF1E283F51}.Debug|Any CPU.ActiveCfg = Debug|Any CPU
		{665E3B77-AA6F-4B6F-B170-50AF1E283F51}.Debug|Any CPU.Build.0 = Debug|Any CPU
		{665E3B77-AA6F-4B6F-B170-50AF1E283F51}.Release|Any CPU.ActiveCfg = Release|Any CPU
		{665E3B77-AA6F-4B6F-B170-50AF1E283F51}.Release|Any CPU.Build.0 = Release|Any CPU
		{36928DBE-366F-400D-A8BA-393A7416F3AE}.Debug|Any CPU.ActiveCfg = Debug|Any CPU
		{36928DBE-366F-400D-A8BA-393A7416F3AE}.Debug|Any CPU.Build.0 = Debug|Any CPU
		{36928DBE-366F-400D-A8BA-393A7416F3AE}.Release|Any CPU.ActiveCfg = Release|Any CPU
		{36928DBE-366F-400D-A8BA-393A7416F3AE}.Release|Any CPU.Build.0 = Release|Any CPU
		{AA5C41EB-3595-4F97-8C6E-B7101D5DBB7C}.Debug|Any CPU.ActiveCfg = Debug|Any CPU
		{AA5C41EB-3595-4F97-8C6E-B7101D5DBB7C}.Debug|Any CPU.Build.0 = Debug|Any CPU
		{AA5C41EB-3595-4F97-8C6E-B7101D5DBB7C}.Release|Any CPU.ActiveCfg = Release|Any CPU
		{AA5C41EB-3595-4F97-8C6E-B7101D5DBB7C}.Release|Any CPU.Build.0 = Release|Any CPU
		{B9807B9F-8CFC-4728-9A4D-DF072240601E}.Debug|Any CPU.ActiveCfg = Debug|Any CPU
		{B9807B9F-8CFC-4728-9A4D-DF072240601E}.Debug|Any CPU.Build.0 = Debug|Any CPU
		{B9807B9F-8CFC-4728-9A4D-DF072240601E}.Release|Any CPU.ActiveCfg = Release|Any CPU
		{B9807B9F-8CFC-4728-9A4D-DF072240601E}.Release|Any CPU.Build.0 = Release|Any CPU
		{2B37EF05-1E92-4F53-BE6E-DC98183A59CB}.Debug|Any CPU.ActiveCfg = Debug|Any CPU
		{2B37EF05-1E92-4F53-BE6E-DC98183A59CB}.Debug|Any CPU.Build.0 = Debug|Any CPU
		{2B37EF05-1E92-4F53-BE6E-DC98183A59CB}.Release|Any CPU.ActiveCfg = Release|Any CPU
		{2B37EF05-1E92-4F53-BE6E-DC98183A59CB}.Release|Any CPU.Build.0 = Release|Any CPU
	EndGlobalSection
	GlobalSection(SolutionProperties) = preSolution
		HideSolutionNode = FALSE
	EndGlobalSection
	GlobalSection(ExtensibilityGlobals) = postSolution
		SolutionGuid = {FCF3F591-DA99-4CB4-AF04-D8A2B4B0DFE0}
	EndGlobalSection
EndGlobal
